
Microsoft Visual Studio Solution File, Format Version 12.00
# Visual Studio Version 17
VisualStudioVersion = 17.8.34408.163
MinimumVisualStudioVersion = 10.0.40219.1
Project("{FAE04EC0-301F-11D3-BF4B-00C04F79EFBC}") = "Fanca_Loredana_Madalina", "Fanca_Loredana_Madalina.csproj", "{3B662A72-B7EE-4AD8-8807-3DE9F6E2BF88}"
EndProject
Global
	GlobalSection(SolutionConfigurationPlatforms) = preSolution
		Debug|Any CPU = Debug|Any CPU
		Release|Any CPU = Release|Any CPU
	EndGlobalSection
	GlobalSection(ProjectConfigurationPlatforms) = postSolution
		{3B662A72-B7EE-4AD8-8807-3DE9F6E2BF88}.Debug|Any CPU.ActiveCfg = Debug|Any CPU
		{3B662A72-B7EE-4AD8-8807-3DE9F6E2BF88}.Debug|Any CPU.Build.0 = Debug|Any CPU
		{3B662A72-B7EE-4AD8-8807-3DE9F6E2BF88}.Release|Any CPU.ActiveCfg = Release|Any CPU
		{3B662A72-B7EE-4AD8-8807-3DE9F6E2BF88}.Release|Any CPU.Build.0 = Release|Any CPU
	EndGlobalSection
	GlobalSection(SolutionProperties) = preSolution
		HideSolutionNode = FALSE
	EndGlobalSection
	GlobalSection(ExtensibilityGlobals) = postSolution
		SolutionGuid = {DD4B7552-321E-4662-A4AD-863983A39FA1}
	EndGlobalSection
EndGlobal
